lockfileVersion: '9.0'

settings:
  autoInstallPeers: true
  excludeLinksFromLockfile: false

importers:

  .:
    dependencies:
      marked:
        specifier: ^13.0.3
        version: 13.0.3

packages:

  marked@13.0.3:
    resolution: {integrity: sha512-rqRix3/TWzE9rIoFGIn8JmsVfhiuC8VIQ8IdX5TfzmeBucdY05/0UlzKaw0eVtpcN/OdVFpBk7CjKGo9iHJ/zA==}
    engines: {node: '>= 18'}
    hasBin: true

snapshots:

  marked@13.0.3: {}
